
Microsoft Visual Studio Solution File, Format Version 12.00
# Visual Studio Version 16
VisualStudioVersion = 16.0.30711.63
MinimumVisualStudioVersion = 10.0.40219.1
Project("{FAE04EC0-301F-11D3-BF4B-00C04F79EFBC}") = "ES", "ES\ES.csproj", "{863AEFE7-86DB-42EE-A5C9-75B6969126A6}"
EndProject
Global
	GlobalSection(SolutionConfigurationPlatforms) = preSolution
		Debug|Any CPU = Debug|Any CPU
		Release|Any CPU = Release|Any CPU
	EndGlobalSection
	GlobalSection(ProjectConfigurationPlatforms) = postSolution
		{863AEFE7-86DB-42EE-A5C9-75B6969126A6}.Debug|Any CPU.ActiveCfg = Debug|Any CPU
		{863AEFE7-86DB-42EE-A5C9-75B6969126A6}.Debug|Any CPU.Build.0 = Debug|Any CPU
		{863AEFE7-86DB-42EE-A5C9-75B6969126A6}.Release|Any CPU.ActiveCfg = Release|Any CPU
		{863AEFE7-86DB-42EE-A5C9-75B6969126A6}.Release|Any CPU.Build.0 = Release|Any CPU
	EndGlobalSection
	GlobalSection(SolutionProperties) = preSolution
		HideSolutionNode = FALSE
	EndGlobalSection
	GlobalSection(ExtensibilityGlobals) = postSolution
		SolutionGuid = {921B08CF-BBF8-46E3-9B11-3CDCD5FC693E}
	EndGlobalSection
EndGlobal
